
Microsoft Visual Studio Solution File, Format Version 12.00
# Visual Studio Version 17
VisualStudioVersion = 17.3.32811.315
MinimumVisualStudioVersion = 10.0.40219.1
Project("{FAE04EC0-301F-11D3-BF4B-00C04F79EFBC}") = "AOC2022_5", "AOC2022_5\AOC2022_5.csproj", "{D1255CE0-0D0A-4D37-BF89-B78D6E3A5D02}"
EndProject
Global
	GlobalSection(SolutionConfigurationPlatforms) = preSolution
		Debug|Any CPU = Debug|Any CPU
		Release|Any CPU = Release|Any CPU
	EndGlobalSection
	GlobalSection(ProjectConfigurationPlatforms) = postSolution
		{D1255CE0-0D0A-4D37-BF89-B78D6E3A5D02}.Debug|Any CPU.ActiveCfg = Debug|Any CPU
		{D1255CE0-0D0A-4D37-BF89-B78D6E3A5D02}.Debug|Any CPU.Build.0 = Debug|Any CPU
		{D1255CE0-0D0A-4D37-BF89-B78D6E3A5D02}.Release|Any CPU.ActiveCfg = Release|Any CPU
		{D1255CE0-0D0A-4D37-BF89-B78D6E3A5D02}.Release|Any CPU.Build.0 = Release|Any CPU
	EndGlobalSection
	GlobalSection(SolutionProperties) = preSolution
		HideSolutionNode = FALSE
	EndGlobalSection
	GlobalSection(ExtensibilityGlobals) = postSolution
		SolutionGuid = {92ABAB79-5BA3-4EBF-8AE6-75FF85BB330A}
	EndGlobalSection
EndGlobal
