
Microsoft Visual Studio Solution File, Format Version 12.00
# Visual Studio Version 17
VisualStudioVersion = 17.8.34316.72
MinimumVisualStudioVersion = 10.0.40219.1
Project("{9A19103F-16F7-4668-BE54-9A1E7A4F7556}") = "AOC_2024", "AOC_2024\AOC_2024.csproj", "{33B935A8-827E-44A7-9724-E0847A36EF5C}"
EndProject
Global
	GlobalSection(SolutionConfigurationPlatforms) = preSolution
		Debug|Any CPU = Debug|Any CPU
		Release|Any CPU = Release|Any CPU
	EndGlobalSection
	GlobalSection(ProjectConfigurationPlatforms) = postSolution
		{33B935A8-827E-44A7-9724-E0847A36EF5C}.Debug|Any CPU.ActiveCfg = Debug|Any CPU
		{33B935A8-827E-44A7-9724-E0847A36EF5C}.Debug|Any CPU.Build.0 = Debug|Any CPU
		{33B935A8-827E-44A7-9724-E0847A36EF5C}.Release|Any CPU.ActiveCfg = Release|Any CPU
		{33B935A8-827E-44A7-9724-E0847A36EF5C}.Release|Any CPU.Build.0 = Release|Any CPU
	EndGlobalSection
	GlobalSection(SolutionProperties) = preSolution
		HideSolutionNode = FALSE
	EndGlobalSection
	GlobalSection(ExtensibilityGlobals) = postSolution
		SolutionGuid = {D8CDEA9E-E835-466A-95DA-5805EA71EE61}
	EndGlobalSection
EndGlobal
